{
    "_readme": [
        "This file locks the dependencies of your project to a known state",
        "Read more about it at https://getcomposer.org/doc/01-basic-usage.md#composer-lock-the-lock-file",
        "This file is @generated automatically"
    ],
    "content-hash": "69cf009474394da93755b41d408aa0f5",
    "packages": [
        {
            "name": "limboniatech/limbonia-base",
            "version": "1.0.3",
            "source": {
                "type": "git",
                "url": "https://github.com/limboniatech/limbonia-base.git",
                "reference": "55306481bfbc14712509d0c798ec2a73df6684f3"
            },
            "dist": {
                "type": "zip",
                "url": "https://api.github.com/repos/limboniatech/limbonia-base/zipball/55306481bfbc14712509d0c798ec2a73df6684f3",
                "reference": "55306481bfbc14712509d0c798ec2a73df6684f3",
                "shasum": ""
            },
            "require": {
                "limboniatech/limbonia-loader": "^1.0.3",
                "php": "^7.2"
            },
            "type": "library",
            "autoload": {
                "psr-4": {
                    "Limbonia\\": "lib/"
                },
                "files": [
                    "autoloader.php"
                ]
            },
            "notification-url": "https://packagist.org/downloads/",
            "license": [
                "BSD-3-Clause"
            ],
            "authors": [
                {
                    "name": "Lonnie Blansett",
                    "email": "lonnie@limbonia.tech"
                }
            ],
            "description": "This is the Limbonia Base Library",
            "time": "2019-10-30T17:30:05+00:00"
        },
        {
            "name": "limboniatech/limbonia-loader",
            "version": "1.0.3",
            "source": {
                "type": "git",
                "url": "https://github.com/limboniatech/limbonia-loader.git",
                "reference": "1927e2d89ce8b3bfa8ea573f7b88ed1502854843"
            },
            "dist": {
                "type": "zip",
                "url": "https://api.github.com/repos/limboniatech/limbonia-loader/zipball/1927e2d89ce8b3bfa8ea573f7b88ed1502854843",
                "reference": "1927e2d89ce8b3bfa8ea573f7b88ed1502854843",
                "shasum": ""
            },
            "require": {
                "php": "^7.2"
            },
            "type": "library",
            "autoload": {
                "psr-4": {
                    "Limbonia\\": "lib/"
                }
            },
            "notification-url": "https://packagist.org/downloads/",
            "license": [
                "BSD-3-Clause"
            ],
            "authors": [
                {
                    "name": "Lonnie Blansett",
                    "email": "lonnie@limbonia.tech"
                }
            ],
            "description": "This is the Limbonia Loader",
            "time": "2019-10-30T17:13:58+00:00"
        }
    ],
    "packages-dev": [],
    "aliases": [],
    "minimum-stability": "stable",
    "stability-flags": [],
    "prefer-stable": false,
    "prefer-lowest": false,
    "platform": {
        "php": "^7.2"
    },
    "platform-dev": []
}
